
Microsoft Visual Studio Solution File, Format Version 12.00
# Visual Studio Version 17
VisualStudioVersion = 17.9.34728.123
MinimumVisualStudioVersion = 10.0.40219.1
Project("{FAE04EC0-301F-11D3-BF4B-00C04F79EFBC}") = "May2024TurnUpPortal", "May2024TurnUpPortal.csproj", "{EBFE9829-8F86-47C5-B942-7B70704A0E03}"
EndProject
Global
	GlobalSection(SolutionConfigurationPlatforms) = preSolution
		Debug|Any CPU = Debug|Any CPU
		Release|Any CPU = Release|Any CPU
	EndGlobalSection
	GlobalSection(ProjectConfigurationPlatforms) = postSolution
		{EBFE9829-8F86-47C5-B942-7B70704A0E03}.Debug|Any CPU.ActiveCfg = Debug|Any CPU
		{EBFE9829-8F86-47C5-B942-7B70704A0E03}.Debug|Any CPU.Build.0 = Debug|Any CPU
		{EBFE9829-8F86-47C5-B942-7B70704A0E03}.Release|Any CPU.ActiveCfg = Release|Any CPU
		{EBFE9829-8F86-47C5-B942-7B70704A0E03}.Release|Any CPU.Build.0 = Release|Any CPU
	EndGlobalSection
	GlobalSection(SolutionProperties) = preSolution
		HideSolutionNode = FALSE
	EndGlobalSection
	GlobalSection(ExtensibilityGlobals) = postSolution
		SolutionGuid = {946DC267-F0C2-4E93-93A2-B825F829B315}
	EndGlobalSection
EndGlobal
